lockfileVersion: '6.0'

settings:
  autoInstallPeers: true
  excludeLinksFromLockfile: false

dependencies:
  tsc:
    specifier: ^2.0.4
    version: 2.0.4

devDependencies:
  '@types/node':
    specifier: ^18.11.10
    version: 18.11.10

packages:

  /@types/node@18.11.10:
    resolution: {integrity: sha512-juG3RWMBOqcOuXC643OAdSA525V44cVgGV6dUDuiFtss+8Fk5x1hI93Rsld43VeJVIeqlP9I7Fn9/qaVqoEAuQ==}
    dev: true

  /tsc@2.0.4:
    resolution: {integrity: sha512-fzoSieZI5KKJVBYGvwbVZs/J5za84f2lSTLPYf6AGiIf43tZ3GNrI1QzTLcjtyDDP4aLxd46RTZq1nQxe7+k5Q==}
    hasBin: true
    dev: false
